// !$*UTF8*$!
{
	archiveVersion = 1;
	classes = {
	};
	objectVersion = 56;
	objects = {

/* Begin PBXBuildFile section */
		4563EA9E2A9E5E91001C8DC4 /* AppDelegate.m in Sources */ = {isa = PBXBuildFile; fileRef = 4563EA9D2A9E5E91001C8DC4 /* AppDelegate.m */; };
		4563EAA12A9E5E91001C8DC4 /* SceneDelegate.m in Sources */ = {isa = PBXBuildFile; fileRef = 4563EAA02A9E5E91001C8DC4 /* SceneDelegate.m */; };
		4563EAA72A9E5E91001C8DC4 /* Main.storyboard in Resources */ = {isa = PBXBuildFile; fileRef = 4563EAA52A9E5E91001C8DC4 /* Main.storyboard */; };
		4563EAA92A9E5E92001C8DC4 /* Assets.xcassets in Resources */ = {isa = PBXBuildFile; fileRef = 4563EAA82A9E5E92001C8DC4 /* Assets.xcassets */; };
		4563EAAC2A9E5E92001C8DC4 /* LaunchScreen.storyboard in Resources */ = {isa = PBXBuildFile; fileRef = 4563EAAA2A9E5E92001C8DC4 /* LaunchScreen.storyboard */; };
		4563EAAF2A9E5E92001C8DC4 /* main.m in Sources */ = {isa = PBXBuildFile; fileRef = 4563EAAE2A9E5E92001C8DC4 /* main.m */; };
		4563EAB72A9EA55F001C8DC4 /* TableViewController.m in Sources */ = {isa = PBXBuildFile; fileRef = 4563EAB62A9EA55F001C8DC4 /* TableViewController.m */; };
		980984D0CBEC3B0D5C28DC1F /* Pods_Web_Service.framework in Frameworks */ = {isa = PBXBuildFile; fileRef = C1E4DCAFA83114ADCBDAAD63 /* Pods_Web_Service.framework */; };
/* End PBXBuildFile section */

/* Begin PBXFileReference section */
		4563EA992A9E5E91001C8DC4 /* Web Service.app */ = {isa = PBXFileReference; explicitFileType = wrapper.application; includeInIndex = 0; path = "Web Service.app"; sourceTree = BUILT_PRODUCTS_DIR; };
		4563EA9C2A9E5E91001C8DC4 /* AppDelegate.h */ = {isa = PBXFileReference; lastKnownFileType = sourcecode.c.h; path = AppDelegate.h; sourceTree = "<group>"; };
		4563EA9D2A9E5E91001C8DC4 /* AppDelegate.m */ = {isa = PBXFileReference; lastKnownFileType = sourcecode.c.objc; path = AppDelegate.m; sourceTree = "<group>"; };
		4563EA9F2A9E5E91001C8DC4 /* SceneDelegate.h */ = {isa = PBXFileReference; lastKnownFileType = sourcecode.c.h; path = SceneDelegate.h; sourceTree = "<group>"; };
		4563EAA02A9E5E91001C8DC4 /* SceneDelegate.m */ = {isa = PBXFileReference; lastKnownFileType = sourcecode.c.objc; path = SceneDelegate.m; sourceTree = "<group>"; };
		4563EAA62A9E5E91001C8DC4 /* Base */ = {isa = PBXFileReference; lastKnownFileType = file.storyboard; name = Base; path = Base.lproj/Main.storyboard; sourceTree = "<group>"; };
		4563EAA82A9E5E92001C8DC4 /* Assets.xcassets */ = {isa = PBXFileReference; lastKnownFileType = folder.assetcatalog; path = Assets.xcassets; sourceTree = "<group>"; };
		4563EAAB2A9E5E92001C8DC4 /* Base */ = {isa = PBXFileReference; lastKnownFileType = file.storyboard; name = Base; path = Base.lproj/LaunchScreen.storyboard; sourceTree = "<group>"; };
		4563EAAD2A9E5E92001C8DC4 /* Info.plist */ = {isa = PBXFileReference; lastKnownFileType = text.plist.xml; path = Info.plist; sourceTree = "<group>"; };
		4563EAAE2A9E5E92001C8DC4 /* main.m */ = {isa = PBXFileReference; lastKnownFileType = sourcecode.c.objc; path = main.m; sourceTree = "<group>"; };
		4563EAB52A9EA55F001C8DC4 /* TableViewController.h */ = {isa = PBXFileReference; lastKnownFileType = sourcecode.c.h; path = TableViewController.h; sourceTree = "<group>"; };
		4563EAB62A9EA55F001C8DC4 /* TableViewController.m */ = {isa = PBXFileReference; lastKnownFileType = sourcecode.c.objc; path = TableViewController.m; sourceTree = "<group>"; };
		C1E4DCAFA83114ADCBDAAD63 /* Pods_Web_Service.framework */ = {isa = PBXFileReference; explicitFileType = wrapper.framework; includeInIndex = 0; path = Pods_Web_Service.framework; sourceTree = BUILT_PRODUCTS_DIR; };
		D14AD58135E47AF6A0111C51 /* Pods-Web Service.debug.xcconfig */ = {isa = PBXFileReference; includeInIndex = 1; lastKnownFileType = text.xcconfig; name = "Pods-Web Service.debug.xcconfig"; path = "Target Support Files/Pods-Web Service/Pods-Web Service.debug.xcconfig"; sourceTree = "<group>"; };
		FE6034097A43C893F874A342 /* Pods-Web Service.release.xcconfig */ = {isa = PBXFileReference; includeInIndex = 1; lastKnownFileType = text.xcconfig; name = "Pods-Web Service.release.xcconfig"; path = "Target Support Files/Pods-Web Service/Pods-Web Service.release.xcconfig"; sourceTree = "<group>"; };
/* End PBXFileReference section */

/* Begin PBXFrameworksBuildPhase section */
		4563EA962A9E5E91001C8DC4 /* Frameworks */ = {
			isa = PBXFrameworksBuildPhase;
			buildActionMask = 2147483647;
			files = (
				980984D0CBEC3B0D5C28DC1F /* Pods_Web_Service.framework in Frameworks */,
			);
			runOnlyForDeploymentPostprocessing = 0;
		};
/* End PBXFrameworksBuildPhase section */

/* Begin PBXGroup section */
		4563EA902A9E5E91001C8DC4 = {
			isa = PBXGroup;
			children = (
				4563EA9B2A9E5E91001C8DC4 /* Web Service */,
				4563EA9A2A9E5E91001C8DC4 /* Products */,
				884F805FEB0F4D3B79194D46 /* Pods */,
				78A630661921A873E2EB42F9 /* Frameworks */,
			);
			sourceTree = "<group>";
		};
		4563EA9A2A9E5E91001C8DC4 /* Products */ = {
			isa = PBXGroup;
			children = (
				4563EA992A9E5E91001C8DC4 /* Web Service.app */,
			);
			name = Products;
			sourceTree = "<group>";
		};
		4563EA9B2A9E5E91001C8DC4 /* Web Service */ = {
			isa = PBXGroup;
			children = (
				4563EA9C2A9E5E91001C8DC4 /* AppDelegate.h */,
				4563EA9D2A9E5E91001C8DC4 /* AppDelegate.m */,
				4563EA9F2A9E5E91001C8DC4 /* SceneDelegate.h */,
				4563EAA02A9E5E91001C8DC4 /* SceneDelegate.m */,
				4563EAA52A9E5E91001C8DC4 /* Main.storyboard */,
				4563EAB52A9EA55F001C8DC4 /* TableViewController.h */,
				4563EAB62A9EA55F001C8DC4 /* TableViewController.m */,
				4563EAA82A9E5E92001C8DC4 /* Assets.xcassets */,
				4563EAAA2A9E5E92001C8DC4 /* LaunchScreen.storyboard */,
				4563EAAD2A9E5E92001C8DC4 /* Info.plist */,
				4563EAAE2A9E5E92001C8DC4 /* main.m */,
			);
			path = "Web Service";
			sourceTree = "<group>";
		};
		78A630661921A873E2EB42F9 /* Frameworks */ = {
			isa = PBXGroup;
			children = (
				C1E4DCAFA83114ADCBDAAD63 /* Pods_Web_Service.framework */,
			);
			name = Frameworks;
			sourceTree = "<group>";
		};
		884F805FEB0F4D3B79194D46 /* Pods */ = {
			isa = PBXGroup;
			children = (
				D14AD58135E47AF6A0111C51 /* Pods-Web Service.debug.xcconfig */,
				FE6034097A43C893F874A342 /* Pods-Web Service.release.xcconfig */,
			);
			path = Pods;
			sourceTree = "<group>";
		};
/* End PBXGroup section */

/* Begin PBXNativeTarget section */
		4563EA982A9E5E91001C8DC4 /* Web Service */ = {
			isa = PBXNativeTarget;
			buildConfigurationList = 4563EAB22A9E5E92001C8DC4 /* Build configuration list for PBXNativeTarget "Web Service" */;
			buildPhases = (
				48F54FE3B8FBB24CFE348D64 /* [CP] Check Pods Manifest.lock */,
				4563EA952A9E5E91001C8DC4 /* Sources */,
				4563EA962A9E5E91001C8DC4 /* Frameworks */,
				4563EA972A9E5E91001C8DC4 /* Resources */,
				7C58F25BCED7B6EC0454A656 /* [CP] Embed Pods Frameworks */,
			);
			buildRules = (
			);
			dependencies = (
			);
			name = "Web Service";
			productName = "Web Service";
			productReference = 4563EA992A9E5E91001C8DC4 /* Web Service.app */;
			productType = "com.apple.product-type.application";
		};
/* End PBXNativeTarget section */

/* Begin PBXProject section */
		4563EA912A9E5E91001C8DC4 /* Project object */ = {
			isa = PBXProject;
			attributes = {
				BuildIndependentTargetsInParallel = 1;
				LastUpgradeCheck = 1420;
				TargetAttributes = {
					4563EA982A9E5E91001C8DC4 = {
						CreatedOnToolsVersion = 14.2;
					};
				};
			};
			buildConfigurationList = 4563EA942A9E5E91001C8DC4 /* Build configuration list for PBXProject "Web Service" */;
			compatibilityVersion = "Xcode 14.0";
			developmentRegion = en;
			hasScannedForEncodings = 0;
			knownRegions = (
				en,
				Base,
			);
			mainGroup = 4563EA902A9E5E91001C8DC4;
			productRefGroup = 4563EA9A2A9E5E91001C8DC4 /* Products */;
			projectDirPath = "";
			projectRoot = "";
			targets = (
				4563EA982A9E5E91001C8DC4 /* Web Service */,
			);
		};
/* End PBXProject section */

/* Begin PBXResourcesBuildPhase section */
		4563EA972A9E5E91001C8DC4 /* Resources */ = {
			isa = PBXResourcesBuildPhase;
			buildActionMask = 2147483647;
			files = (
				4563EAAC2A9E5E92001C8DC4 /* LaunchScreen.storyboard in Resources */,
				4563EAA92A9E5E92001C8DC4 /* Assets.xcassets in Resources */,
				4563EAA72A9E5E91001C8DC4 /* Main.storyboard in Resources */,
			);
			runOnlyForDeploymentPostprocessing = 0;
		};
/* End PBXResourcesBuildPhase section */

/* Begin PBXShellScriptBuildPhase section */
		48F54FE3B8FBB24CFE348D64 /* [CP] Check Pods Manifest.lock */ = {
			isa = PBXShellScriptBuildPhase;
			buildActionMask = 2147483647;
			files = (
			);
			inputFileListPaths = (
			);
			inputPaths = (
				"${PODS_PODFILE_DIR_PATH}/Podfile.lock",
				"${PODS_ROOT}/Manifest.lock",
			);
			name = "[CP] Check Pods Manifest.lock";
			outputFileListPaths = (
			);
			outputPaths = (
				"$(DERIVED_FILE_DIR)/Pods-Web Service-checkManifestLockResult.txt",
			);
			runOnlyForDeploymentPostprocessing = 0;
			shellPath = /bin/sh;
			shellScript = "diff \"${PODS_PODFILE_DIR_PATH}/Podfile.lock\" \"${PODS_ROOT}/Manifest.lock\" > /dev/null\nif [ $? != 0 ] ; then\n    # print error to STDERR\n    echo \"error: The sandbox is not in sync with the Podfile.lock. Run 'pod install' or update your CocoaPods installation.\" >&2\n    exit 1\nfi\n# This output is used by Xcode 'outputs' to avoid re-running this script phase.\necho \"SUCCESS\" > \"${SCRIPT_OUTPUT_FILE_0}\"\n";
			showEnvVarsInLog = 0;
		};
		7C58F25BCED7B6EC0454A656 /* [CP] Embed Pods Frameworks */ = {
			isa = PBXShellScriptBuildPhase;
			buildActionMask = 2147483647;
			files = (
			);
			inputFileListPaths = (
				"${PODS_ROOT}/Target Support Files/Pods-Web Service/Pods-Web Service-frameworks-${CONFIGURATION}-input-files.xcfilelist",
			);
			name = "[CP] Embed Pods Frameworks";
			outputFileListPaths = (
				"${PODS_ROOT}/Target Support Files/Pods-Web Service/Pods-Web Service-frameworks-${CONFIGURATION}-output-files.xcfilelist",
			);
			runOnlyForDeploymentPostprocessing = 0;
			shellPath = /bin/sh;
			shellScript = "\"${PODS_ROOT}/Target Support Files/Pods-Web Service/Pods-Web Service-frameworks.sh\"\n";
			showEnvVarsInLog = 0;
		};
/* End PBXShellScriptBuildPhase section */

/* Begin PBXSourcesBuildPhase section */
		4563EA952A9E5E91001C8DC4 /* Sources */ = {
			isa = PBXSourcesBuildPhase;
			buildActionMask = 2147483647;
			files = (
				4563EA9E2A9E5E91001C8DC4 /* AppDelegate.m in Sources */,
				4563EAAF2A9E5E92001C8DC4 /* main.m in Sources */,
				4563EAB72A9EA55F001C8DC4 /* TableViewController.m in Sources */,
				4563EAA12A9E5E91001C8DC4 /* SceneDelegate.m in Sources */,
			);
			runOnlyForDeploymentPostprocessing = 0;
		};
/* End PBXSourcesBuildPhase section */

/* Begin PBXVariantGroup section */
		4563EAA52A9E5E91001C8DC4 /* Main.storyboard */ = {
			isa = PBXVariantGroup;
			children = (
				4563EAA62A9E5E91001C8DC4 /* Base */,
			);
			name = Main.storyboard;
			sourceTree = "<group>";
		};
		4563EAAA2A9E5E92001C8DC4 /* LaunchScreen.storyboard */ = {
			isa = PBXVariantGroup;
			children = (
				4563EAAB2A9E5E92001C8DC4 /* Base */,
			);
			name = LaunchScreen.storyboard;
			sourceTree = "<group>";
		};
/* End PBXVariantGroup section */

/* Begin XCBuildConfiguration section */
		4563EAB02A9E5E92001C8DC4 /* Debug */ = {
			isa = XCBuildConfiguration;
			buildSettings = {
				ALWAYS_SEARCH_USER_PATHS = NO;
				CLANG_ANALYZER_NONNULL = YES;
				CLANG_ANALYZER_NUMBER_OBJECT_CONVERSION = YES_AGGRESSIVE;
				CLANG_CXX_LANGUAGE_STANDARD = "gnu++20";
				CLANG_ENABLE_MODULES = YES;
				CLANG_ENABLE_OBJC_ARC = YES;
				CLANG_ENABLE_OBJC_WEAK = YES;
				CLANG_WARN_BLOCK_CAPTURE_AUTORELEASING = YES;
				CLANG_WARN_BOOL_CONVERSION = YES;
				CLANG_WARN_COMMA = YES;
				CLANG_WARN_CONSTANT_CONVERSION = YES;
				CLANG_WARN_DEPRECATED_OBJC_IMPLEMENTATIONS = YES;
				CLANG_WARN_DIRECT_OBJC_ISA_USAGE = YES_ERROR;
				CLANG_WARN_DOCUMENTATION_COMMENTS = YES;
				CLANG_WARN_EMPTY_BODY = YES;
				CLANG_WARN_ENUM_CONVERSION = YES;
				CLANG_WARN_INFINITE_RECURSION = YES;
				CLANG_WARN_INT_CONVERSION = YES;
				CLANG_WARN_NON_LITERAL_NULL_CONVERSION = YES;
				CLANG_WARN_OBJC_IMPLICIT_RETAIN_SELF = YES;
				CLANG_WARN_OBJC_LITERAL_CONVERSION = YES;
				CLANG_WARN_OBJC_ROOT_CLASS = YES_ERROR;
				CLANG_WARN_QUOTED_INCLUDE_IN_FRAMEWORK_HEADER = YES;
				CLANG_WARN_RANGE_LOOP_ANALYSIS = YES;
				CLANG_WARN_STRICT_PROTOTYPES = YES;
				CLANG_WARN_SUSPICIOUS_MOVE = YES;
				CLANG_WARN_UNGUARDED_AVAILABILITY = YES_AGGRESSIVE;
				CLANG_WARN_UNREACHABLE_CODE = YES;
				CLANG_WARN__DUPLICATE_METHOD_MATCH = YES;
				COPY_PHASE_STRIP = NO;
				DEBUG_INFORMATION_FORMAT = dwarf;
				ENABLE_STRICT_OBJC_MSGSEND = YES;
				ENABLE_TESTABILITY = YES;
				GCC_C_LANGUAGE_STANDARD = gnu11;
				GCC_DYNAMIC_NO_PIC = NO;
				GCC_NO_COMMON_BLOCKS = YES;
				GCC_OPTIMIZATION_LEVEL = 0;
				GCC_PREPROCESSOR_DEFINITIONS = (
					"DEBUG=1",
					"$(inherited)",
				);
				GCC_WARN_64_TO_32_BIT_CONVERSION = YES;
				GCC_WARN_ABOUT_RETURN_TYPE = YES_ERROR;
				GCC_WARN_UNDECLARED_SELECTOR = YES;
				GCC_WARN_UNINITIALIZED_AUTOS = YES_AGGRESSIVE;
				GCC_WARN_UNUSED_FUNCTION = YES;
				GCC_WARN_UNUSED_VARIABLE = YES;
				IPHONEOS_DEPLOYMENT_TARGET = 16.2;
				MTL_ENABLE_DEBUG_INFO = INCLUDE_SOURCE;
				MTL_FAST_MATH = YES;
				ONLY_ACTIVE_ARCH = YES;
				SDKROOT = iphoneos;
			};
			name = Debug;
		};
		4563EAB12A9E5E92001C8DC4 /* Release */ = {
			isa = XCBuildConfiguration;
			buildSettings = {
				ALWAYS_SEARCH_USER_PATHS = NO;
				CLANG_ANALYZER_NONNULL = YES;
				CLANG_ANALYZER_NUMBER_OBJECT_CONVERSION = YES_AGGRESSIVE;
				CLANG_CXX_LANGUAGE_STANDARD = "gnu++20";
				CLANG_ENABLE_MODULES = YES;
				CLANG_ENABLE_OBJC_ARC = YES;
				CLANG_ENABLE_OBJC_WEAK = YES;
				CLANG_WARN_BLOCK_CAPTURE_AUTORELEASING = YES;
				CLANG_WARN_BOOL_CONVERSION = YES;
				CLANG_WARN_COMMA = YES;
				CLANG_WARN_CONSTANT_CONVERSION = YES;
				CLANG_WARN_DEPRECATED_OBJC_IMPLEMENTATIONS = YES;
				CLANG_WARN_DIRECT_OBJC_ISA_USAGE = YES_ERROR;
				CLANG_WARN_DOCUMENTATION_COMMENTS = YES;
				CLANG_WARN_EMPTY_BODY = YES;
				CLANG_WARN_ENUM_CONVERSION = YES;
				CLANG_WARN_INFINITE_RECURSION = YES;
				CLANG_WARN_INT_CONVERSION = YES;
				CLANG_WARN_NON_LITERAL_NULL_CONVERSION = YES;
				CLANG_WARN_OBJC_IMPLICIT_RETAIN_SELF = YES;
				CLANG_WARN_OBJC_LITERAL_CONVERSION = YES;
				CLANG_WARN_OBJC_ROOT_CLASS = YES_ERROR;
				CLANG_WARN_QUOTED_INCLUDE_IN_FRAMEWORK_HEADER = YES;
				CLANG_WARN_RANGE_LOOP_ANALYSIS = YES;
				CLANG_WARN_STRICT_PROTOTYPES = YES;
				CLANG_WARN_SUSPICIOUS_MOVE = YES;
				CLANG_WARN_UNGUARDED_AVAILABILITY = YES_AGGRESSIVE;
				CLANG_WARN_UNREACHABLE_CODE = YES;
				CLANG_WARN__DUPLICATE_METHOD_MATCH = YES;
				COPY_PHASE_STRIP = NO;
				DEBUG_INFORMATION_FORMAT = "dwarf-with-dsym";
				ENABLE_NS_ASSERTIONS = NO;
				ENABLE_STRICT_OBJC_MSGSEND = YES;
				GCC_C_LANGUAGE_STANDARD = gnu11;
				GCC_NO_COMMON_BLOCKS = YES;
				GCC_WARN_64_TO_32_BIT_CONVERSION = YES;
				GCC_WARN_ABOUT_RETURN_TYPE = YES_ERROR;
				GCC_WARN_UNDECLARED_SELECTOR = YES;
				GCC_WARN_UNINITIALIZED_AUTOS = YES_AGGRESSIVE;
				GCC_WARN_UNUSED_FUNCTION = YES;
				GCC_WARN_UNUSED_VARIABLE = YES;
				IPHONEOS_DEPLOYMENT_TARGET = 16.2;
				MTL_ENABLE_DEBUG_INFO = NO;
				MTL_FAST_MATH = YES;
				SDKROOT = iphoneos;
				VALIDATE_PRODUCT = YES;
			};
			name = Release;
		};
		4563EAB32A9E5E92001C8DC4 /* Debug */ = {
			isa = XCBuildConfiguration;
			baseConfigurationReference = D14AD58135E47AF6A0111C51 /* Pods-Web Service.debug.xcconfig */;
			buildSettings = {
				ASSETCATALOG_COMPILER_APPICON_NAME = AppIcon;
				ASSETCATALOG_COMPILER_GLOBAL_ACCENT_COLOR_NAME = AccentColor;
				CODE_SIGN_STYLE = Automatic;
				CURRENT_PROJECT_VERSION = 1;
				DEVELOPMENT_TEAM = NDNJ74P29S;
				GENERATE_INFOPLIST_FILE = YES;
				INFOPLIST_FILE = "Web Service/Info.plist";
				INFOPLIST_KEY_UIApplicationSupportsIndirectInputEvents = YES;
				INFOPLIST_KEY_UILaunchStoryboardName = LaunchScreen;
				INFOPLIST_KEY_UIMainStoryboardFile = Main;
				INFOPLIST_KEY_UISupportedInterfaceOrientations_iPad = "UIInterfaceOrientationPortrait UIInterfaceOrientationPortraitUpsideDown UIInterfaceOrientationLandscapeLeft UIInterfaceOrientationLandscapeRight";
				INFOPLIST_KEY_UISupportedInterfaceOrientations_iPhone = "UIInterfaceOrientationPortrait UIInterfaceOrientationLandscapeLeft UIInterfaceOrientationLandscapeRight";
				LD_RUNPATH_SEARCH_PATHS = (
					"$(inherited)",
					"@executable_path/Frameworks",
				);
				MARKETING_VERSION = 1.0;
				PRODUCT_BUNDLE_IDENTIFIER = "mdm.Web-Service";
				PRODUCT_NAME = "$(TARGET_NAME)";
				SWIFT_EMIT_LOC_STRINGS = YES;
				TARGETED_DEVICE_FAMILY = "1,2";
			};
			name = Debug;
		};
		4563EAB42A9E5E92001C8DC4 /* Release */ = {
			isa = XCBuildConfiguration;
			baseConfigurationReference = FE6034097A43C893F874A342 /* Pods-Web Service.release.xcconfig */;
			buildSettings = {
				ASSETCATALOG_COMPILER_APPICON_NAME = AppIcon;
				ASSETCATALOG_COMPILER_GLOBAL_ACCENT_COLOR_NAME = AccentColor;
				CODE_SIGN_STYLE = Automatic;
				CURRENT_PROJECT_VERSION = 1;
				DEVELOPMENT_TEAM = NDNJ74P29S;
				GENERATE_INFOPLIST_FILE = YES;
				INFOPLIST_FILE = "Web Service/Info.plist";
				INFOPLIST_KEY_UIApplicationSupportsIndirectInputEvents = YES;
				INFOPLIST_KEY_UILaunchStoryboardName = LaunchScreen;
				INFOPLIST_KEY_UIMainStoryboardFile = Main;
				INFOPLIST_KEY_UISupportedInterfaceOrientations_iPad = "UIInterfaceOrientationPortrait UIInterfaceOrientationPortraitUpsideDown UIInterfaceOrientationLandscapeLeft UIInterfaceOrientationLandscapeRight";
				INFOPLIST_KEY_UISupportedInterfaceOrientations_iPhone = "UIInterfaceOrientationPortrait UIInterfaceOrientationLandscapeLeft UIInterfaceOrientationLandscapeRight";
				LD_RUNPATH_SEARCH_PATHS = (
					"$(inherited)",
					"@executable_path/Frameworks",
				);
				MARKETING_VERSION = 1.0;
				PRODUCT_BUNDLE_IDENTIFIER = "mdm.Web-Service";
				PRODUCT_NAME = "$(TARGET_NAME)";
				SWIFT_EMIT_LOC_STRINGS = YES;
				TARGETED_DEVICE_FAMILY = "1,2";
			};
			name = Release;
		};
/* End XCBuildConfiguration section */

/* Begin XCConfigurationList section */
		4563EA942A9E5E91001C8DC4 /* Build configuration list for PBXProject "Web Service" */ = {
			isa = XCConfigurationList;
			buildConfigurations = (
				4563EAB02A9E5E92001C8DC4 /* Debug */,
				4563EAB12A9E5E92001C8DC4 /* Release */,
			);
			defaultConfigurationIsVisible = 0;
			defaultConfigurationName = Release;
		};
		4563EAB22A9E5E92001C8DC4 /* Build configuration list for PBXNativeTarget "Web Service" */ = {
			isa = XCConfigurationList;
			buildConfigurations = (
				4563EAB32A9E5E92001C8DC4 /* Debug */,
				4563EAB42A9E5E92001C8DC4 /* Release */,
			);
			defaultConfigurationIsVisible = 0;
			defaultConfigurationName = Release;
		};
/* End XCConfigurationList section */
	};
	rootObject = 4563EA912A9E5E91001C8DC4 /* Project object */;
}
